
Microsoft Visual Studio Solution File, Format Version 12.00
# Visual Studio Version 16
VisualStudioVersion = 16.0.31025.194
MinimumVisualStudioVersion = 10.0.40219.1
Project("{FAE04EC0-301F-11D3-BF4B-00C04F79EFBC}") = "GenericMedicine", "GenericMedicine\GenericMedicine.csproj", "{C8299997-A4C1-471C-94E7-7C93B5F65CDF}"
EndProject
Project("{FAE04EC0-301F-11D3-BF4B-00C04F79EFBC}") = "GenericMedicineTest", "GenericMedicineTest\GenericMedicineTest.csproj", "{F9A17BE5-6948-45E2-A9F0-C81A399779D1}"
EndProject
Global
	GlobalSection(SolutionConfigurationPlatforms) = preSolution
		Debug|Any CPU = Debug|Any CPU
		Release|Any CPU = Release|Any CPU
	EndGlobalSection
	GlobalSection(ProjectConfigurationPlatforms) = postSolution
		{C8299997-A4C1-471C-94E7-7C93B5F65CDF}.Debug|Any CPU.ActiveCfg = Debug|Any CPU
		{C8299997-A4C1-471C-94E7-7C93B5F65CDF}.Debug|Any CPU.Build.0 = Debug|Any CPU
		{C8299997-A4C1-471C-94E7-7C93B5F65CDF}.Release|Any CPU.ActiveCfg = Release|Any CPU
		{C8299997-A4C1-471C-94E7-7C93B5F65CDF}.Release|Any CPU.Build.0 = Release|Any CPU
		{F9A17BE5-6948-45E2-A9F0-C81A399779D1}.Debug|Any CPU.ActiveCfg = Debug|Any CPU
		{F9A17BE5-6948-45E2-A9F0-C81A399779D1}.Debug|Any CPU.Build.0 = Debug|Any CPU
		{F9A17BE5-6948-45E2-A9F0-C81A399779D1}.Release|Any CPU.ActiveCfg = Release|Any CPU
		{F9A17BE5-6948-45E2-A9F0-C81A399779D1}.Release|Any CPU.Build.0 = Release|Any CPU
	EndGlobalSection
	GlobalSection(SolutionProperties) = preSolution
		HideSolutionNode = FALSE
	EndGlobalSection
	GlobalSection(ExtensibilityGlobals) = postSolution
		SolutionGuid = {626097FC-CBB6-4E64-BDD6-9420D50C9D8D}
	EndGlobalSection
EndGlobal
