
Microsoft Visual Studio Solution File, Format Version 12.00
# Visual Studio Version 16
VisualStudioVersion = 16.0.31025.194
MinimumVisualStudioVersion = 10.0.40219.1
Project("{FAE04EC0-301F-11D3-BF4B-00C04F79EFBC}") = "HandsOn_Mediator", "HandsOn_Mediator\HandsOn_Mediator.csproj", "{D55807AB-96F6-419C-8582-855B784FC193}"
EndProject
Global
	GlobalSection(SolutionConfigurationPlatforms) = preSolution
		Debug|Any CPU = Debug|Any CPU
		Release|Any CPU = Release|Any CPU
	EndGlobalSection
	GlobalSection(ProjectConfigurationPlatforms) = postSolution
		{D55807AB-96F6-419C-8582-855B784FC193}.Debug|Any CPU.ActiveCfg = Debug|Any CPU
		{D55807AB-96F6-419C-8582-855B784FC193}.Debug|Any CPU.Build.0 = Debug|Any CPU
		{D55807AB-96F6-419C-8582-855B784FC193}.Release|Any CPU.ActiveCfg = Release|Any CPU
		{D55807AB-96F6-419C-8582-855B784FC193}.Release|Any CPU.Build.0 = Release|Any CPU
	EndGlobalSection
	GlobalSection(SolutionProperties) = preSolution
		HideSolutionNode = FALSE
	EndGlobalSection
	GlobalSection(ExtensibilityGlobals) = postSolution
		SolutionGuid = {A2DFAA8C-1852-4DEC-95C7-ACC8296C4E60}
	EndGlobalSection
EndGlobal
