
Microsoft Visual Studio Solution File, Format Version 12.00
# Visual Studio Version 16
VisualStudioVersion = 16.0.31005.135
MinimumVisualStudioVersion = 10.0.40219.1
Project("{FAE04EC0-301F-11D3-BF4B-00C04F79EFBC}") = "ThreadStartSample", "ThreadStartSample\ThreadStartSample.csproj", "{47481762-E5AA-4815-AAA1-ACF2E58C8A85}"
EndProject
Global
	GlobalSection(SolutionConfigurationPlatforms) = preSolution
		Debug|Any CPU = Debug|Any CPU
		Release|Any CPU = Release|Any CPU
	EndGlobalSection
	GlobalSection(ProjectConfigurationPlatforms) = postSolution
		{47481762-E5AA-4815-AAA1-ACF2E58C8A85}.Debug|Any CPU.ActiveCfg = Debug|Any CPU
		{47481762-E5AA-4815-AAA1-ACF2E58C8A85}.Debug|Any CPU.Build.0 = Debug|Any CPU
		{47481762-E5AA-4815-AAA1-ACF2E58C8A85}.Release|Any CPU.ActiveCfg = Release|Any CPU
		{47481762-E5AA-4815-AAA1-ACF2E58C8A85}.Release|Any CPU.Build.0 = Release|Any CPU
	EndGlobalSection
	GlobalSection(SolutionProperties) = preSolution
		HideSolutionNode = FALSE
	EndGlobalSection
	GlobalSection(ExtensibilityGlobals) = postSolution
		SolutionGuid = {5182A380-6D23-4E57-A997-3E0CA129C0A5}
	EndGlobalSection
EndGlobal
