
Microsoft Visual Studio Solution File, Format Version 12.00
# Visual Studio Version 16
VisualStudioVersion = 16.0.31025.194
MinimumVisualStudioVersion = 10.0.40219.1
Project("{FAE04EC0-301F-11D3-BF4B-00C04F79EFBC}") = "HandsOn_Singleton", "HandsOn_Singleton\HandsOn_Singleton.csproj", "{FE6EEA45-AF95-4541-8946-A9D19C16D794}"
EndProject
Global
	GlobalSection(SolutionConfigurationPlatforms) = preSolution
		Debug|Any CPU = Debug|Any CPU
		Release|Any CPU = Release|Any CPU
	EndGlobalSection
	GlobalSection(ProjectConfigurationPlatforms) = postSolution
		{FE6EEA45-AF95-4541-8946-A9D19C16D794}.Debug|Any CPU.ActiveCfg = Debug|Any CPU
		{FE6EEA45-AF95-4541-8946-A9D19C16D794}.Debug|Any CPU.Build.0 = Debug|Any CPU
		{FE6EEA45-AF95-4541-8946-A9D19C16D794}.Release|Any CPU.ActiveCfg = Release|Any CPU
		{FE6EEA45-AF95-4541-8946-A9D19C16D794}.Release|Any CPU.Build.0 = Release|Any CPU
	EndGlobalSection
	GlobalSection(SolutionProperties) = preSolution
		HideSolutionNode = FALSE
	EndGlobalSection
	GlobalSection(ExtensibilityGlobals) = postSolution
		SolutionGuid = {00AB6B87-2A92-480F-A388-CC3A4FAC48FE}
	EndGlobalSection
EndGlobal
