
Microsoft Visual Studio Solution File, Format Version 12.00
# Visual Studio Version 16
VisualStudioVersion = 16.0.31005.135
MinimumVisualStudioVersion = 10.0.40219.1
Project("{FAE04EC0-301F-11D3-BF4B-00C04F79EFBC}") = "WindowsService_WriteInInterval", "WindowsService_WriteInInterval\WindowsService_WriteInInterval.csproj", "{59F0E934-61FD-45D3-A5DC-02FC07A17CD8}"
EndProject
Global
	GlobalSection(SolutionConfigurationPlatforms) = preSolution
		Debug|Any CPU = Debug|Any CPU
		Release|Any CPU = Release|Any CPU
	EndGlobalSection
	GlobalSection(ProjectConfigurationPlatforms) = postSolution
		{59F0E934-61FD-45D3-A5DC-02FC07A17CD8}.Debug|Any CPU.ActiveCfg = Debug|Any CPU
		{59F0E934-61FD-45D3-A5DC-02FC07A17CD8}.Debug|Any CPU.Build.0 = Debug|Any CPU
		{59F0E934-61FD-45D3-A5DC-02FC07A17CD8}.Release|Any CPU.ActiveCfg = Release|Any CPU
		{59F0E934-61FD-45D3-A5DC-02FC07A17CD8}.Release|Any CPU.Build.0 = Release|Any CPU
	EndGlobalSection
	GlobalSection(SolutionProperties) = preSolution
		HideSolutionNode = FALSE
	EndGlobalSection
	GlobalSection(ExtensibilityGlobals) = postSolution
		SolutionGuid = {9F134A3D-FCCF-4B7D-9914-C38D52CFFEB2}
	EndGlobalSection
EndGlobal
