
Microsoft Visual Studio Solution File, Format Version 12.00
# Visual Studio Version 16
VisualStudioVersion = 16.0.31005.135
MinimumVisualStudioVersion = 10.0.40219.1
Project("{FAE04EC0-301F-11D3-BF4B-00C04F79EFBC}") = "CalcLibrary", "CalcLibrary\CalcLibrary.csproj", "{2D8AB97A-CF43-4405-8F2B-02FF063BF857}"
EndProject
Project("{FAE04EC0-301F-11D3-BF4B-00C04F79EFBC}") = "CalculatorTests", "CalculatorTests\CalculatorTests.csproj", "{9E0CF72F-8490-47A1-AC50-D97E58F39314}"
EndProject
Global
	GlobalSection(SolutionConfigurationPlatforms) = preSolution
		Debug|Any CPU = Debug|Any CPU
		Release|Any CPU = Release|Any CPU
	EndGlobalSection
	GlobalSection(ProjectConfigurationPlatforms) = postSolution
		{2D8AB97A-CF43-4405-8F2B-02FF063BF857}.Debug|Any CPU.ActiveCfg = Debug|Any CPU
		{2D8AB97A-CF43-4405-8F2B-02FF063BF857}.Debug|Any CPU.Build.0 = Debug|Any CPU
		{2D8AB97A-CF43-4405-8F2B-02FF063BF857}.Release|Any CPU.ActiveCfg = Release|Any CPU
		{2D8AB97A-CF43-4405-8F2B-02FF063BF857}.Release|Any CPU.Build.0 = Release|Any CPU
		{9E0CF72F-8490-47A1-AC50-D97E58F39314}.Debug|Any CPU.ActiveCfg = Debug|Any CPU
		{9E0CF72F-8490-47A1-AC50-D97E58F39314}.Debug|Any CPU.Build.0 = Debug|Any CPU
		{9E0CF72F-8490-47A1-AC50-D97E58F39314}.Release|Any CPU.ActiveCfg = Release|Any CPU
		{9E0CF72F-8490-47A1-AC50-D97E58F39314}.Release|Any CPU.Build.0 = Release|Any CPU
	EndGlobalSection
	GlobalSection(SolutionProperties) = preSolution
		HideSolutionNode = FALSE
	EndGlobalSection
	GlobalSection(ExtensibilityGlobals) = postSolution
		SolutionGuid = {7512EA99-A26A-4DE5-8287-D97CC46D220E}
	EndGlobalSection
EndGlobal
