
Microsoft Visual Studio Solution File, Format Version 12.00
# Visual Studio Version 16
VisualStudioVersion = 16.0.31005.135
MinimumVisualStudioVersion = 10.0.40219.1
Project("{FAE04EC0-301F-11D3-BF4B-00C04F79EFBC}") = "OptionalParameters", "OptionalParameters\OptionalParameters.csproj", "{BB0855C3-1309-4DE2-A868-B94BB2F8FF8A}"
EndProject
Global
	GlobalSection(SolutionConfigurationPlatforms) = preSolution
		Debug|Any CPU = Debug|Any CPU
		Release|Any CPU = Release|Any CPU
	EndGlobalSection
	GlobalSection(ProjectConfigurationPlatforms) = postSolution
		{BB0855C3-1309-4DE2-A868-B94BB2F8FF8A}.Debug|Any CPU.ActiveCfg = Debug|Any CPU
		{BB0855C3-1309-4DE2-A868-B94BB2F8FF8A}.Debug|Any CPU.Build.0 = Debug|Any CPU
		{BB0855C3-1309-4DE2-A868-B94BB2F8FF8A}.Release|Any CPU.ActiveCfg = Release|Any CPU
		{BB0855C3-1309-4DE2-A868-B94BB2F8FF8A}.Release|Any CPU.Build.0 = Release|Any CPU
	EndGlobalSection
	GlobalSection(SolutionProperties) = preSolution
		HideSolutionNode = FALSE
	EndGlobalSection
	GlobalSection(ExtensibilityGlobals) = postSolution
		SolutionGuid = {E36CF374-3465-4435-A15E-511F48754E3D}
	EndGlobalSection
EndGlobal
