
Microsoft Visual Studio Solution File, Format Version 12.00
# Visual Studio Version 16
VisualStudioVersion = 16.0.31025.194
MinimumVisualStudioVersion = 10.0.40219.1
Project("{FAE04EC0-301F-11D3-BF4B-00C04F79EFBC}") = "HandsOn_Observer", "HandsOn_Observer\HandsOn_Observer.csproj", "{AAB33D24-1728-4468-92A8-455F7BA36F13}"
EndProject
Global
	GlobalSection(SolutionConfigurationPlatforms) = preSolution
		Debug|Any CPU = Debug|Any CPU
		Release|Any CPU = Release|Any CPU
	EndGlobalSection
	GlobalSection(ProjectConfigurationPlatforms) = postSolution
		{AAB33D24-1728-4468-92A8-455F7BA36F13}.Debug|Any CPU.ActiveCfg = Debug|Any CPU
		{AAB33D24-1728-4468-92A8-455F7BA36F13}.Debug|Any CPU.Build.0 = Debug|Any CPU
		{AAB33D24-1728-4468-92A8-455F7BA36F13}.Release|Any CPU.ActiveCfg = Release|Any CPU
		{AAB33D24-1728-4468-92A8-455F7BA36F13}.Release|Any CPU.Build.0 = Release|Any CPU
	EndGlobalSection
	GlobalSection(SolutionProperties) = preSolution
		HideSolutionNode = FALSE
	EndGlobalSection
	GlobalSection(ExtensibilityGlobals) = postSolution
		SolutionGuid = {84B01C0F-5830-49A4-87B3-A38EF78DF4A2}
	EndGlobalSection
EndGlobal
